// !$*UTF8*$!
{
	archiveVersion = 1;
	classes = {
	};
	objectVersion = 50;
	objects = {

/* Begin PBXBuildFile section */
		9BCBB57924FD1169009EA27F /* AppDelegate.m in Sources */ = {isa = PBXBuildFile; fileRef = 9BCBB57824FD1169009EA27F /* AppDelegate.m */; };
		9BCBB57F24FD1169009EA27F /* ViewController.m in Sources */ = {isa = PBXBuildFile; fileRef = 9BCBB57E24FD1169009EA27F /* ViewController.m */; };
		9BCBB58224FD1169009EA27F /* Main.storyboard in Resources */ = {isa = PBXBuildFile; fileRef = 9BCBB58024FD1169009EA27F /* Main.storyboard */; };
		9BCBB58424FD1171009EA27F /* Assets.xcassets in Resources */ = {isa = PBXBuildFile; fileRef = 9BCBB58324FD1171009EA27F /* Assets.xcassets */; };
		9BCBB58724FD1171009EA27F /* LaunchScreen.storyboard in Resources */ = {isa = PBXBuildFile; fileRef = 9BCBB58524FD1171009EA27F /* LaunchScreen.storyboard */; };
		9BCBB58A24FD1171009EA27F /* main.m in Sources */ = {isa = PBXBuildFile; fileRef = 9BCBB58924FD1171009EA27F /* main.m */; };
		9BCBB59324FD203B009EA27F /* RootVC.m in Sources */ = {isa = PBXBuildFile; fileRef = 9BCBB59124FD203B009EA27F /* RootVC.m */; };
		9BCBB59424FD203B009EA27F /* RootVC.xib in Resources */ = {isa = PBXBuildFile; fileRef = 9BCBB59224FD203B009EA27F /* RootVC.xib */; };
		9BCBB59824FD212A009EA27F /* GameVC.m in Sources */ = {isa = PBXBuildFile; fileRef = 9BCBB59624FD212A009EA27F /* GameVC.m */; };
		9BCBB59924FD212A009EA27F /* GameVC.xib in Resources */ = {isa = PBXBuildFile; fileRef = 9BCBB59724FD212A009EA27F /* GameVC.xib */; };
/* End PBXBuildFile section */

/* Begin PBXFileReference section */
		9BCBB57424FD1169009EA27F /* TestBranch.app */ = {isa = PBXFileReference; explicitFileType = wrapper.application; includeInIndex = 0; path = TestBranch.app; sourceTree = BUILT_PRODUCTS_DIR; };
		9BCBB57724FD1169009EA27F /* AppDelegate.h */ = {isa = PBXFileReference; lastKnownFileType = sourcecode.c.h; path = AppDelegate.h; sourceTree = "<group>"; };
		9BCBB57824FD1169009EA27F /* AppDelegate.m */ = {isa = PBXFileReference; lastKnownFileType = sourcecode.c.objc; path = AppDelegate.m; sourceTree = "<group>"; };
		9BCBB57D24FD1169009EA27F /* ViewController.h */ = {isa = PBXFileReference; lastKnownFileType = sourcecode.c.h; path = ViewController.h; sourceTree = "<group>"; };
		9BCBB57E24FD1169009EA27F /* ViewController.m */ = {isa = PBXFileReference; lastKnownFileType = sourcecode.c.objc; path = ViewController.m; sourceTree = "<group>"; };
		9BCBB58124FD1169009EA27F /* Base */ = {isa = PBXFileReference; lastKnownFileType = file.storyboard; name = Base; path = Base.lproj/Main.storyboard; sourceTree = "<group>"; };
		9BCBB58324FD1171009EA27F /* Assets.xcassets */ = {isa = PBXFileReference; lastKnownFileType = folder.assetcatalog; path = Assets.xcassets; sourceTree = "<group>"; };
		9BCBB58624FD1171009EA27F /* Base */ = {isa = PBXFileReference; lastKnownFileType = file.storyboard; name = Base; path = Base.lproj/LaunchScreen.storyboard; sourceTree = "<group>"; };
		9BCBB58824FD1171009EA27F /* Info.plist */ = {isa = PBXFileReference; lastKnownFileType = text.plist.xml; path = Info.plist; sourceTree = "<group>"; };
		9BCBB58924FD1171009EA27F /* main.m */ = {isa = PBXFileReference; lastKnownFileType = sourcecode.c.objc; path = main.m; sourceTree = "<group>"; };
		9BCBB59024FD203B009EA27F /* RootVC.h */ = {isa = PBXFileReference; lastKnownFileType = sourcecode.c.h; path = RootVC.h; sourceTree = "<group>"; };
		9BCBB59124FD203B009EA27F /* RootVC.m */ = {isa = PBXFileReference; lastKnownFileType = sourcecode.c.objc; path = RootVC.m; sourceTree = "<group>"; };
		9BCBB59224FD203B009EA27F /* RootVC.xib */ = {isa = PBXFileReference; lastKnownFileType = file.xib; path = RootVC.xib; sourceTree = "<group>"; };
		9BCBB59524FD212A009EA27F /* GameVC.h */ = {isa = PBXFileReference; lastKnownFileType = sourcecode.c.h; path = GameVC.h; sourceTree = "<group>"; };
		9BCBB59624FD212A009EA27F /* GameVC.m */ = {isa = PBXFileReference; lastKnownFileType = sourcecode.c.objc; path = GameVC.m; sourceTree = "<group>"; };
		9BCBB59724FD212A009EA27F /* GameVC.xib */ = {isa = PBXFileReference; lastKnownFileType = file.xib; path = GameVC.xib; sourceTree = "<group>"; };
/* End PBXFileReference section */

/* Begin PBXFrameworksBuildPhase section */
		9BCBB57124FD1169009EA27F /* Frameworks */ = {
			isa = PBXFrameworksBuildPhase;
			buildActionMask = 2147483647;
			files = (
			);
			runOnlyForDeploymentPostprocessing = 0;
		};
/* End PBXFrameworksBuildPhase section */

/* Begin PBXGroup section */
		9BCBB56B24FD1169009EA27F = {
			isa = PBXGroup;
			children = (
				9BCBB57624FD1169009EA27F /* TestBranch */,
				9BCBB57524FD1169009EA27F /* Products */,
			);
			sourceTree = "<group>";
		};
		9BCBB57524FD1169009EA27F /* Products */ = {
			isa = PBXGroup;
			children = (
				9BCBB57424FD1169009EA27F /* TestBranch.app */,
			);
			name = Products;
			sourceTree = "<group>";
		};
		9BCBB57624FD1169009EA27F /* TestBranch */ = {
			isa = PBXGroup;
			children = (
				9BCBB57724FD1169009EA27F /* AppDelegate.h */,
				9BCBB57824FD1169009EA27F /* AppDelegate.m */,
				9BCBB57D24FD1169009EA27F /* ViewController.h */,
				9BCBB57E24FD1169009EA27F /* ViewController.m */,
				9BCBB58024FD1169009EA27F /* Main.storyboard */,
				9BCBB58324FD1171009EA27F /* Assets.xcassets */,
				9BCBB58524FD1171009EA27F /* LaunchScreen.storyboard */,
				9BCBB58824FD1171009EA27F /* Info.plist */,
				9BCBB58924FD1171009EA27F /* main.m */,
				9BCBB59024FD203B009EA27F /* RootVC.h */,
				9BCBB59124FD203B009EA27F /* RootVC.m */,
				9BCBB59224FD203B009EA27F /* RootVC.xib */,
				9BCBB59524FD212A009EA27F /* GameVC.h */,
				9BCBB59624FD212A009EA27F /* GameVC.m */,
				9BCBB59724FD212A009EA27F /* GameVC.xib */,
			);
			path = TestBranch;
			sourceTree = "<group>";
		};
/* End PBXGroup section */

/* Begin PBXNativeTarget section */
		9BCBB57324FD1169009EA27F /* TestBranch */ = {
			isa = PBXNativeTarget;
			buildConfigurationList = 9BCBB58D24FD1171009EA27F /* Build configuration list for PBXNativeTarget "TestBranch" */;
			buildPhases = (
				9BCBB57024FD1169009EA27F /* Sources */,
				9BCBB57124FD1169009EA27F /* Frameworks */,
				9BCBB57224FD1169009EA27F /* Resources */,
			);
			buildRules = (
			);
			dependencies = (
			);
			name = TestBranch;
			productName = TestBranch;
			productReference = 9BCBB57424FD1169009EA27F /* TestBranch.app */;
			productType = "com.apple.product-type.application";
		};
/* End PBXNativeTarget section */

/* Begin PBXProject section */
		9BCBB56C24FD1169009EA27F /* Project object */ = {
			isa = PBXProject;
			attributes = {
				LastUpgradeCheck = 1160;
				ORGANIZATIONNAME = "许跃程";
				TargetAttributes = {
					9BCBB57324FD1169009EA27F = {
						CreatedOnToolsVersion = 11.6;
					};
				};
			};
			buildConfigurationList = 9BCBB56F24FD1169009EA27F /* Build configuration list for PBXProject "TestBranch" */;
			compatibilityVersion = "Xcode 9.3";
			developmentRegion = en;
			hasScannedForEncodings = 0;
			knownRegions = (
				en,
				Base,
			);
			mainGroup = 9BCBB56B24FD1169009EA27F;
			productRefGroup = 9BCBB57524FD1169009EA27F /* Products */;
			projectDirPath = "";
			projectRoot = "";
			targets = (
				9BCBB57324FD1169009EA27F /* TestBranch */,
			);
		};
/* End PBXProject section */

/* Begin PBXResourcesBuildPhase section */
		9BCBB57224FD1169009EA27F /* Resources */ = {
			isa = PBXResourcesBuildPhase;
			buildActionMask = 2147483647;
			files = (
				9BCBB59424FD203B009EA27F /* RootVC.xib in Resources */,
				9BCBB59924FD212A009EA27F /* GameVC.xib in Resources */,
				9BCBB58724FD1171009EA27F /* LaunchScreen.storyboard in Resources */,
				9BCBB58424FD1171009EA27F /* Assets.xcassets in Resources */,
				9BCBB58224FD1169009EA27F /* Main.storyboard in Resources */,
			);
			runOnlyForDeploymentPostprocessing = 0;
		};
/* End PBXResourcesBuildPhase section */

/* Begin PBXSourcesBuildPhase section */
		9BCBB57024FD1169009EA27F /* Sources */ = {
			isa = PBXSourcesBuildPhase;
			buildActionMask = 2147483647;
			files = (
				9BCBB59324FD203B009EA27F /* RootVC.m in Sources */,
				9BCBB57F24FD1169009EA27F /* ViewController.m in Sources */,
				9BCBB57924FD1169009EA27F /* AppDelegate.m in Sources */,
				9BCBB59824FD212A009EA27F /* GameVC.m in Sources */,
				9BCBB58A24FD1171009EA27F /* main.m in Sources */,
			);
			runOnlyForDeploymentPostprocessing = 0;
		};
/* End PBXSourcesBuildPhase section */

/* Begin PBXVariantGroup section */
		9BCBB58024FD1169009EA27F /* Main.storyboard */ = {
			isa = PBXVariantGroup;
			children = (
				9BCBB58124FD1169009EA27F /* Base */,
			);
			name = Main.storyboard;
			sourceTree = "<group>";
		};
		9BCBB58524FD1171009EA27F /* LaunchScreen.storyboard */ = {
			isa = PBXVariantGroup;
			children = (
				9BCBB58624FD1171009EA27F /* Base */,
			);
			name = LaunchScreen.storyboard;
			sourceTree = "<group>";
		};
/* End PBXVariantGroup section */

/* Begin XCBuildConfiguration section */
		9BCBB58B24FD1171009EA27F /* Debug */ = {
			isa = XCBuildConfiguration;
			buildSettings = {
				ALWAYS_SEARCH_USER_PATHS = NO;
				CLANG_ANALYZER_NONNULL = YES;
				CLANG_ANALYZER_NUMBER_OBJECT_CONVERSION = YES_AGGRESSIVE;
				CLANG_CXX_LANGUAGE_STANDARD = "gnu++14";
				CLANG_CXX_LIBRARY = "libc++";
				CLANG_ENABLE_MODULES = YES;
				CLANG_ENABLE_OBJC_ARC = YES;
				CLANG_ENABLE_OBJC_WEAK = YES;
				CLANG_WARN_BLOCK_CAPTURE_AUTORELEASING = YES;
				CLANG_WARN_BOOL_CONVERSION = YES;
				CLANG_WARN_COMMA = YES;
				CLANG_WARN_CONSTANT_CONVERSION = YES;
				CLANG_WARN_DEPRECATED_OBJC_IMPLEMENTATIONS = YES;
				CLANG_WARN_DIRECT_OBJC_ISA_USAGE = YES_ERROR;
				CLANG_WARN_DOCUMENTATION_COMMENTS = YES;
				CLANG_WARN_EMPTY_BODY = YES;
				CLANG_WARN_ENUM_CONVERSION = YES;
				CLANG_WARN_INFINITE_RECURSION = YES;
				CLANG_WARN_INT_CONVERSION = YES;
				CLANG_WARN_NON_LITERAL_NULL_CONVERSION = YES;
				CLANG_WARN_OBJC_IMPLICIT_RETAIN_SELF = YES;
				CLANG_WARN_OBJC_LITERAL_CONVERSION = YES;
				CLANG_WARN_OBJC_ROOT_CLASS = YES_ERROR;
				CLANG_WARN_RANGE_LOOP_ANALYSIS = YES;
				CLANG_WARN_STRICT_PROTOTYPES = YES;
				CLANG_WARN_SUSPICIOUS_MOVE = YES;
				CLANG_WARN_UNGUARDED_AVAILABILITY = YES_AGGRESSIVE;
				CLANG_WARN_UNREACHABLE_CODE = YES;
				CLANG_WARN__DUPLICATE_METHOD_MATCH = YES;
				COPY_PHASE_STRIP = NO;
				DEBUG_INFORMATION_FORMAT = dwarf;
				ENABLE_STRICT_OBJC_MSGSEND = YES;
				ENABLE_TESTABILITY = YES;
				GCC_C_LANGUAGE_STANDARD = gnu11;
				GCC_DYNAMIC_NO_PIC = NO;
				GCC_NO_COMMON_BLOCKS = YES;
				GCC_OPTIMIZATION_LEVEL = 0;
				GCC_PREPROCESSOR_DEFINITIONS = (
					"DEBUG=1",
					"$(inherited)",
				);
				GCC_WARN_64_TO_32_BIT_CONVERSION = YES;
				GCC_WARN_ABOUT_RETURN_TYPE = YES_ERROR;
				GCC_WARN_UNDECLARED_SELECTOR = YES;
				GCC_WARN_UNINITIALIZED_AUTOS = YES_AGGRESSIVE;
				GCC_WARN_UNUSED_FUNCTION = YES;
				GCC_WARN_UNUSED_VARIABLE = YES;
				IPHONEOS_DEPLOYMENT_TARGET = 13.6;
				MTL_ENABLE_DEBUG_INFO = INCLUDE_SOURCE;
				MTL_FAST_MATH = YES;
				ONLY_ACTIVE_ARCH = YES;
				SDKROOT = iphoneos;
			};
			name = Debug;
		};
		9BCBB58C24FD1171009EA27F /* Release */ = {
			isa = XCBuildConfiguration;
			buildSettings = {
				ALWAYS_SEARCH_USER_PATHS = NO;
				CLANG_ANALYZER_NONNULL = YES;
				CLANG_ANALYZER_NUMBER_OBJECT_CONVERSION = YES_AGGRESSIVE;
				CLANG_CXX_LANGUAGE_STANDARD = "gnu++14";
				CLANG_CXX_LIBRARY = "libc++";
				CLANG_ENABLE_MODULES = YES;
				CLANG_ENABLE_OBJC_ARC = YES;
				CLANG_ENABLE_OBJC_WEAK = YES;
				CLANG_WARN_BLOCK_CAPTURE_AUTORELEASING = YES;
				CLANG_WARN_BOOL_CONVERSION = YES;
				CLANG_WARN_COMMA = YES;
				CLANG_WARN_CONSTANT_CONVERSION = YES;
				CLANG_WARN_DEPRECATED_OBJC_IMPLEMENTATIONS = YES;
				CLANG_WARN_DIRECT_OBJC_ISA_USAGE = YES_ERROR;
				CLANG_WARN_DOCUMENTATION_COMMENTS = YES;
				CLANG_WARN_EMPTY_BODY = YES;
				CLANG_WARN_ENUM_CONVERSION = YES;
				CLANG_WARN_INFINITE_RECURSION = YES;
				CLANG_WARN_INT_CONVERSION = YES;
				CLANG_WARN_NON_LITERAL_NULL_CONVERSION = YES;
				CLANG_WARN_OBJC_IMPLICIT_RETAIN_SELF = YES;
				CLANG_WARN_OBJC_LITERAL_CONVERSION = YES;
				CLANG_WARN_OBJC_ROOT_CLASS = YES_ERROR;
				CLANG_WARN_RANGE_LOOP_ANALYSIS = YES;
				CLANG_WARN_STRICT_PROTOTYPES = YES;
				CLANG_WARN_SUSPICIOUS_MOVE = YES;
				CLANG_WARN_UNGUARDED_AVAILABILITY = YES_AGGRESSIVE;
				CLANG_WARN_UNREACHABLE_CODE = YES;
				CLANG_WARN__DUPLICATE_METHOD_MATCH = YES;
				COPY_PHASE_STRIP = NO;
				DEBUG_INFORMATION_FORMAT = "dwarf-with-dsym";
				ENABLE_NS_ASSERTIONS = NO;
				ENABLE_STRICT_OBJC_MSGSEND = YES;
				GCC_C_LANGUAGE_STANDARD = gnu11;
				GCC_NO_COMMON_BLOCKS = YES;
				GCC_WARN_64_TO_32_BIT_CONVERSION = YES;
				GCC_WARN_ABOUT_RETURN_TYPE = YES_ERROR;
				GCC_WARN_UNDECLARED_SELECTOR = YES;
				GCC_WARN_UNINITIALIZED_AUTOS = YES_AGGRESSIVE;
				GCC_WARN_UNUSED_FUNCTION = YES;
				GCC_WARN_UNUSED_VARIABLE = YES;
				IPHONEOS_DEPLOYMENT_TARGET = 13.6;
				MTL_ENABLE_DEBUG_INFO = NO;
				MTL_FAST_MATH = YES;
				SDKROOT = iphoneos;
				VALIDATE_PRODUCT = YES;
			};
			name = Release;
		};
		9BCBB58E24FD1171009EA27F /* Debug */ = {
			isa = XCBuildConfiguration;
			buildSettings = {
				ASSETCATALOG_COMPILER_APPICON_NAME = AppIcon;
				CODE_SIGN_STYLE = Automatic;
				DEVELOPMENT_TEAM = MCD2K9S9H7;
				INFOPLIST_FILE = TestBranch/Info.plist;
				IPHONEOS_DEPLOYMENT_TARGET = 11.0;
				LD_RUNPATH_SEARCH_PATHS = (
					"$(inherited)",
					"@executable_path/Frameworks",
				);
				PRODUCT_BUNDLE_IDENTIFIER = eeee.TestBranch;
				PRODUCT_NAME = "$(TARGET_NAME)";
				TARGETED_DEVICE_FAMILY = 1;
			};
			name = Debug;
		};
		9BCBB58F24FD1171009EA27F /* Release */ = {
			isa = XCBuildConfiguration;
			buildSettings = {
				ASSETCATALOG_COMPILER_APPICON_NAME = AppIcon;
				CODE_SIGN_STYLE = Automatic;
				DEVELOPMENT_TEAM = MCD2K9S9H7;
				INFOPLIST_FILE = TestBranch/Info.plist;
				IPHONEOS_DEPLOYMENT_TARGET = 11.0;
				LD_RUNPATH_SEARCH_PATHS = (
					"$(inherited)",
					"@executable_path/Frameworks",
				);
				PRODUCT_BUNDLE_IDENTIFIER = eeee.TestBranch;
				PRODUCT_NAME = "$(TARGET_NAME)";
				TARGETED_DEVICE_FAMILY = 1;
			};
			name = Release;
		};
/* End XCBuildConfiguration section */

/* Begin XCConfigurationList section */
		9BCBB56F24FD1169009EA27F /* Build configuration list for PBXProject "TestBranch" */ = {
			isa = XCConfigurationList;
			buildConfigurations = (
				9BCBB58B24FD1171009EA27F /* Debug */,
				9BCBB58C24FD1171009EA27F /* Release */,
			);
			defaultConfigurationIsVisible = 0;
			defaultConfigurationName = Release;
		};
		9BCBB58D24FD1171009EA27F /* Build configuration list for PBXNativeTarget "TestBranch" */ = {
			isa = XCConfigurationList;
			buildConfigurations = (
				9BCBB58E24FD1171009EA27F /* Debug */,
				9BCBB58F24FD1171009EA27F /* Release */,
			);
			defaultConfigurationIsVisible = 0;
			defaultConfigurationName = Release;
		};
/* End XCConfigurationList section */
	};
	rootObject = 9BCBB56C24FD1169009EA27F /* Project object */;
}
